
Microsoft Visual Studio Solution File, Format Version 12.00
# Visual Studio 15
Project("{FAE04EC0-301F-11D3-BF4B-00C04F79EFBC}") = "LKQ.Android", "LKQ.Android\LKQ.Android.csproj", "{1BF0D271-86D6-40A9-95DF-9B89A43FD80E}"
EndProject
Project("{FAE04EC0-301F-11D3-BF4B-00C04F79EFBC}") = "LKQ.iOS", "LKQ.iOS\LKQ.iOS.csproj", "{5DC5467A-CF04-4B38-B25F-59345EDA2414}"
EndProject
Project("{FAE04EC0-301F-11D3-BF4B-00C04F79EFBC}") = "LKQ", "LKQ\LKQ.csproj", "{8264DE56-7070-45A3-9CD9-C90B03B6D84B}"
EndProject
Global
	GlobalSection(SolutionConfigurationPlatforms) = preSolution
		Debug|Any CPU = Debug|Any CPU
		Release|Any CPU = Release|Any CPU
		Debug|iPhoneSimulator = Debug|iPhoneSimulator
		Release|iPhoneSimulator = Release|iPhoneSimulator
		Debug|iPhone = Debug|iPhone
		Release|iPhone = Release|iPhone
	EndGlobalSection
	GlobalSection(ProjectConfigurationPlatforms) = postSolution
		{1BF0D271-86D6-40A9-95DF-9B89A43FD80E}.Debug|Any CPU.ActiveCfg = Debug|Any CPU
		{1BF0D271-86D6-40A9-95DF-9B89A43FD80E}.Debug|Any CPU.Build.0 = Debug|Any CPU
		{1BF0D271-86D6-40A9-95DF-9B89A43FD80E}.Release|Any CPU.ActiveCfg = Release|Any CPU
		{1BF0D271-86D6-40A9-95DF-9B89A43FD80E}.Release|Any CPU.Build.0 = Release|Any CPU
		{1BF0D271-86D6-40A9-95DF-9B89A43FD80E}.Debug|iPhoneSimulator.ActiveCfg = Debug|Any CPU
		{1BF0D271-86D6-40A9-95DF-9B89A43FD80E}.Debug|iPhoneSimulator.Build.0 = Debug|Any CPU
		{1BF0D271-86D6-40A9-95DF-9B89A43FD80E}.Release|iPhoneSimulator.ActiveCfg = Release|Any CPU
		{1BF0D271-86D6-40A9-95DF-9B89A43FD80E}.Release|iPhoneSimulator.Build.0 = Release|Any CPU
		{1BF0D271-86D6-40A9-95DF-9B89A43FD80E}.Debug|iPhone.ActiveCfg = Debug|Any CPU
		{1BF0D271-86D6-40A9-95DF-9B89A43FD80E}.Debug|iPhone.Build.0 = Debug|Any CPU
		{1BF0D271-86D6-40A9-95DF-9B89A43FD80E}.Release|iPhone.ActiveCfg = Release|Any CPU
		{1BF0D271-86D6-40A9-95DF-9B89A43FD80E}.Release|iPhone.Build.0 = Release|Any CPU
		{5DC5467A-CF04-4B38-B25F-59345EDA2414}.Debug|Any CPU.ActiveCfg = Debug|iPhoneSimulator
		{5DC5467A-CF04-4B38-B25F-59345EDA2414}.Debug|Any CPU.Build.0 = Debug|iPhoneSimulator
		{5DC5467A-CF04-4B38-B25F-59345EDA2414}.Release|Any CPU.ActiveCfg = Release|iPhoneSimulator
		{5DC5467A-CF04-4B38-B25F-59345EDA2414}.Release|Any CPU.Build.0 = Release|iPhoneSimulator
		{5DC5467A-CF04-4B38-B25F-59345EDA2414}.Debug|iPhoneSimulator.ActiveCfg = Debug|iPhoneSimulator
		{5DC5467A-CF04-4B38-B25F-59345EDA2414}.Debug|iPhoneSimulator.Build.0 = Debug|iPhoneSimulator
		{5DC5467A-CF04-4B38-B25F-59345EDA2414}.Release|iPhoneSimulator.ActiveCfg = Release|iPhoneSimulator
		{5DC5467A-CF04-4B38-B25F-59345EDA2414}.Release|iPhoneSimulator.Build.0 = Release|iPhoneSimulator
		{5DC5467A-CF04-4B38-B25F-59345EDA2414}.Debug|iPhone.ActiveCfg = Debug|iPhone
		{5DC5467A-CF04-4B38-B25F-59345EDA2414}.Debug|iPhone.Build.0 = Debug|iPhone
		{5DC5467A-CF04-4B38-B25F-59345EDA2414}.Release|iPhone.ActiveCfg = Release|iPhone
		{5DC5467A-CF04-4B38-B25F-59345EDA2414}.Release|iPhone.Build.0 = Release|iPhone
		{8264DE56-7070-45A3-9CD9-C90B03B6D84B}.Debug|Any CPU.ActiveCfg = Debug|Any CPU
		{8264DE56-7070-45A3-9CD9-C90B03B6D84B}.Debug|Any CPU.Build.0 = Debug|Any CPU
		{8264DE56-7070-45A3-9CD9-C90B03B6D84B}.Release|Any CPU.ActiveCfg = Release|Any CPU
		{8264DE56-7070-45A3-9CD9-C90B03B6D84B}.Release|Any CPU.Build.0 = Release|Any CPU
		{8264DE56-7070-45A3-9CD9-C90B03B6D84B}.Debug|iPhoneSimulator.ActiveCfg = Debug|Any CPU
		{8264DE56-7070-45A3-9CD9-C90B03B6D84B}.Debug|iPhoneSimulator.Build.0 = Debug|Any CPU
		{8264DE56-7070-45A3-9CD9-C90B03B6D84B}.Release|iPhoneSimulator.ActiveCfg = Release|Any CPU
		{8264DE56-7070-45A3-9CD9-C90B03B6D84B}.Release|iPhoneSimulator.Build.0 = Release|Any CPU
		{8264DE56-7070-45A3-9CD9-C90B03B6D84B}.Debug|iPhone.ActiveCfg = Debug|Any CPU
		{8264DE56-7070-45A3-9CD9-C90B03B6D84B}.Debug|iPhone.Build.0 = Debug|Any CPU
		{8264DE56-7070-45A3-9CD9-C90B03B6D84B}.Release|iPhone.ActiveCfg = Release|Any CPU
		{8264DE56-7070-45A3-9CD9-C90B03B6D84B}.Release|iPhone.Build.0 = Release|Any CPU
	EndGlobalSection
EndGlobal
